
Microsoft Visual Studio Solution File, Format Version 12.00
# Visual Studio Version 17
VisualStudioVersion = 17.11.35219.272
MinimumVisualStudioVersion = 10.0.40219.1
Project("{FAE04EC0-301F-11D3-BF4B-00C04F79EFBC}") = "SrvKit.Service", "src\dotnet\SrvKit.Service\SrvKit.Service.csproj", "{F10AA597-E674-4673-5CD8-5B60164CC649}"
EndProject
Project("{FAE04EC0-301F-11D3-BF4B-00C04F79EFBC}") = "SrvKit.General", "src\dotnet\SrvKit.General\SrvKit.General.csproj", "{2465AE76-C8F5-AD0D-3108-5C512F444692}"
EndProject
Global
	GlobalSection(SolutionConfigurationPlatforms) = preSolution
		Debug|Any CPU = Debug|Any CPU
		Release|Any CPU = Release|Any CPU
	EndGlobalSection
	GlobalSection(ProjectConfigurationPlatforms) = postSolution
		{F10AA597-E674-4673-5CD8-5B60164CC649}.Debug|Any CPU.ActiveCfg = Debug|Any CPU
		{F10AA597-E674-4673-5CD8-5B60164CC649}.Debug|Any CPU.Build.0 = Debug|Any CPU
		{F10AA597-E674-4673-5CD8-5B60164CC649}.Release|Any CPU.ActiveCfg = Release|Any CPU
		{F10AA597-E674-4673-5CD8-5B60164CC649}.Release|Any CPU.Build.0 = Release|Any CPU
		{2465AE76-C8F5-AD0D-3108-5C512F444692}.Debug|Any CPU.ActiveCfg = Debug|Any CPU
		{2465AE76-C8F5-AD0D-3108-5C512F444692}.Debug|Any CPU.Build.0 = Debug|Any CPU
		{2465AE76-C8F5-AD0D-3108-5C512F444692}.Release|Any CPU.ActiveCfg = Release|Any CPU
		{2465AE76-C8F5-AD0D-3108-5C512F444692}.Release|Any CPU.Build.0 = Release|Any CPU
	EndGlobalSection
	GlobalSection(SolutionProperties) = preSolution
		HideSolutionNode = FALSE
	EndGlobalSection
	GlobalSection(ExtensibilityGlobals) = postSolution
		SolutionGuid = {9D8E0F2B-CDE3-4F35-8314-F1BC4149CCF8}
	EndGlobalSection
EndGlobal
